
Microsoft Visual Studio Solution File, Format Version 12.00
# Visual Studio Version 17
VisualStudioVersion = 17.5.33516.290
MinimumVisualStudioVersion = 10.0.40219.1
Project("{9A19103F-16F7-4668-BE54-9A1E7A4F7556}") = "WebCam-Sharp", "WebCam-Sharp\WebCam-Sharp.csproj", "{70ADBE42-2208-4F09-914F-8FFE11080927}"
EndProject
Global
	GlobalSection(SolutionConfigurationPlatforms) = preSolution
		Debug|Any CPU = Debug|Any CPU
		Release|Any CPU = Release|Any CPU
	EndGlobalSection
	GlobalSection(ProjectConfigurationPlatforms) = postSolution
		{70ADBE42-2208-4F09-914F-8FFE11080927}.Debug|Any CPU.ActiveCfg = Debug|Any CPU
		{70ADBE42-2208-4F09-914F-8FFE11080927}.Debug|Any CPU.Build.0 = Debug|Any CPU
		{70ADBE42-2208-4F09-914F-8FFE11080927}.Release|Any CPU.ActiveCfg = Release|Any CPU
		{70ADBE42-2208-4F09-914F-8FFE11080927}.Release|Any CPU.Build.0 = Release|Any CPU
	EndGlobalSection
	GlobalSection(SolutionProperties) = preSolution
		HideSolutionNode = FALSE
	EndGlobalSection
	GlobalSection(ExtensibilityGlobals) = postSolution
		SolutionGuid = {2C7DC38D-C1D5-4C5F-87B3-F798951315BD}
	EndGlobalSection
EndGlobal
